
Microsoft Visual Studio Solution File, Format Version 11.00
# Visual Studio 2010
Project("{FAE04EC0-301F-11D3-BF4B-00C04F79EFBC}") = "DateTimeIntervelControlTest", "DateTimeIntervelControlTest\DateTimeIntervelControlTest.csproj", "{CBA63FED-65BD-4345-919E-3A9C0ADC9EFD}"
EndProject
Project("{FAE04EC0-301F-11D3-BF4B-00C04F79EFBC}") = "DateTimeIntervelControl", "DateTimeIntervelControl\DateTimeIntervelControl.csproj", "{9EEFD50C-13F6-4FC2-9EE9-00FEFA8E746F}"
EndProject
Global
	GlobalSection(SolutionConfigurationPlatforms) = preSolution
		Debug|Any CPU = Debug|Any CPU
		Debug|Mixed Platforms = Debug|Mixed Platforms
		Debug|x86 = Debug|x86
		Release|Any CPU = Release|Any CPU
		Release|Mixed Platforms = Release|Mixed Platforms
		Release|x86 = Release|x86
	EndGlobalSection
	GlobalSection(ProjectConfigurationPlatforms) = postSolution
		{CBA63FED-65BD-4345-919E-3A9C0ADC9EFD}.Debug|Any CPU.ActiveCfg = Debug|x86
		{CBA63FED-65BD-4345-919E-3A9C0ADC9EFD}.Debug|Mixed Platforms.ActiveCfg = Debug|x86
		{CBA63FED-65BD-4345-919E-3A9C0ADC9EFD}.Debug|Mixed Platforms.Build.0 = Debug|x86
		{CBA63FED-65BD-4345-919E-3A9C0ADC9EFD}.Debug|x86.ActiveCfg = Debug|x86
		{CBA63FED-65BD-4345-919E-3A9C0ADC9EFD}.Debug|x86.Build.0 = Debug|x86
		{CBA63FED-65BD-4345-919E-3A9C0ADC9EFD}.Release|Any CPU.ActiveCfg = Release|x86
		{CBA63FED-65BD-4345-919E-3A9C0ADC9EFD}.Release|Mixed Platforms.ActiveCfg = Release|x86
		{CBA63FED-65BD-4345-919E-3A9C0ADC9EFD}.Release|Mixed Platforms.Build.0 = Release|x86
		{CBA63FED-65BD-4345-919E-3A9C0ADC9EFD}.Release|x86.ActiveCfg = Release|x86
		{CBA63FED-65BD-4345-919E-3A9C0ADC9EFD}.Release|x86.Build.0 = Release|x86
		{9EEFD50C-13F6-4FC2-9EE9-00FEFA8E746F}.Debug|Any CPU.ActiveCfg = Debug|Any CPU
		{9EEFD50C-13F6-4FC2-9EE9-00FEFA8E746F}.Debug|Any CPU.Build.0 = Debug|Any CPU
		{9EEFD50C-13F6-4FC2-9EE9-00FEFA8E746F}.Debug|Mixed Platforms.ActiveCfg = Debug|Any CPU
		{9EEFD50C-13F6-4FC2-9EE9-00FEFA8E746F}.Debug|Mixed Platforms.Build.0 = Debug|Any CPU
		{9EEFD50C-13F6-4FC2-9EE9-00FEFA8E746F}.Debug|x86.ActiveCfg = Debug|Any CPU
		{9EEFD50C-13F6-4FC2-9EE9-00FEFA8E746F}.Release|Any CPU.ActiveCfg = Release|Any CPU
		{9EEFD50C-13F6-4FC2-9EE9-00FEFA8E746F}.Release|Any CPU.Build.0 = Release|Any CPU
		{9EEFD50C-13F6-4FC2-9EE9-00FEFA8E746F}.Release|Mixed Platforms.ActiveCfg = Release|Any CPU
		{9EEFD50C-13F6-4FC2-9EE9-00FEFA8E746F}.Release|Mixed Platforms.Build.0 = Release|Any CPU
		{9EEFD50C-13F6-4FC2-9EE9-00FEFA8E746F}.Release|x86.ActiveCfg = Release|Any CPU
	EndGlobalSection
	GlobalSection(SolutionProperties) = preSolution
		HideSolutionNode = FALSE
	EndGlobalSection
EndGlobal
